
Microsoft Visual Studio Solution File, Format Version 12.00
# Visual Studio Version 17
VisualStudioVersion = 17.14.36908.2 d17.14
MinimumVisualStudioVersion = 10.0.40219.1
Project("{FAE04EC0-301F-11D3-BF4B-00C04F79EFBC}") = "ScalableInventory.Core", "ScalableInventory.Core\ScalableInventory.Core.csproj", "{28464EBA-F940-4EAA-AAFE-0C347DEB4106}"
EndProject
Project("{FAE04EC0-301F-11D3-BF4B-00C04F79EFBC}") = "ScalableInventory.Infrastructure", "ScalableInventory.Infrastructure\ScalableInventory.Infrastructure.csproj", "{C0BB5DFD-86BE-4F7F-968F-DCCED982C52C}"
EndProject
Project("{FAE04EC0-301F-11D3-BF4B-00C04F79EFBC}") = "ScalableInventory.Services", "ScalableInventory.Services\ScalableInventory.Services.csproj", "{A7AD96BC-ABD1-4CEB-A26F-5569162C6930}"
EndProject
Project("{FAE04EC0-301F-11D3-BF4B-00C04F79EFBC}") = "ScalableInventory.API", "ScalableInventory.API\ScalableInventory.API.csproj", "{0959C201-49ED-4019-B228-2FEC580DCB62}"
EndProject
Global
	GlobalSection(SolutionConfigurationPlatforms) = preSolution
		Debug|Any CPU = Debug|Any CPU
		Release|Any CPU = Release|Any CPU
	EndGlobalSection
	GlobalSection(ProjectConfigurationPlatforms) = postSolution
		{28464EBA-F940-4EAA-AAFE-0C347DEB4106}.Debug|Any CPU.ActiveCfg = Debug|Any CPU
		{28464EBA-F940-4EAA-AAFE-0C347DEB4106}.Debug|Any CPU.Build.0 = Debug|Any CPU
		{28464EBA-F940-4EAA-AAFE-0C347DEB4106}.Release|Any CPU.ActiveCfg = Release|Any CPU
		{28464EBA-F940-4EAA-AAFE-0C347DEB4106}.Release|Any CPU.Build.0 = Release|Any CPU
		{C0BB5DFD-86BE-4F7F-968F-DCCED982C52C}.Debug|Any CPU.ActiveCfg = Debug|Any CPU
		{C0BB5DFD-86BE-4F7F-968F-DCCED982C52C}.Debug|Any CPU.Build.0 = Debug|Any CPU
		{C0BB5DFD-86BE-4F7F-968F-DCCED982C52C}.Release|Any CPU.ActiveCfg = Release|Any CPU
		{C0BB5DFD-86BE-4F7F-968F-DCCED982C52C}.Release|Any CPU.Build.0 = Release|Any CPU
		{A7AD96BC-ABD1-4CEB-A26F-5569162C6930}.Debug|Any CPU.ActiveCfg = Debug|Any CPU
		{A7AD96BC-ABD1-4CEB-A26F-5569162C6930}.Debug|Any CPU.Build.0 = Debug|Any CPU
		{A7AD96BC-ABD1-4CEB-A26F-5569162C6930}.Release|Any CPU.ActiveCfg = Release|Any CPU
		{A7AD96BC-ABD1-4CEB-A26F-5569162C6930}.Release|Any CPU.Build.0 = Release|Any CPU
		{0959C201-49ED-4019-B228-2FEC580DCB62}.Debug|Any CPU.ActiveCfg = Debug|Any CPU
		{0959C201-49ED-4019-B228-2FEC580DCB62}.Debug|Any CPU.Build.0 = Debug|Any CPU
		{0959C201-49ED-4019-B228-2FEC580DCB62}.Release|Any CPU.ActiveCfg = Release|Any CPU
		{0959C201-49ED-4019-B228-2FEC580DCB62}.Release|Any CPU.Build.0 = Release|Any CPU
	EndGlobalSection
	GlobalSection(SolutionProperties) = preSolution
		HideSolutionNode = FALSE
	EndGlobalSection
	GlobalSection(ExtensibilityGlobals) = postSolution
		SolutionGuid = {08979B4D-7AC4-4113-84EB-00C6AE9021D0}
	EndGlobalSection
EndGlobal
